
Microsoft Visual Studio Solution File, Format Version 12.00
# Visual Studio 15
VisualStudioVersion = 15.0.26403.0
MinimumVisualStudioVersion = 10.0.40219.1
Project("{9A19103F-16F7-4668-BE54-9A1E7A4F7556}") = "CQRS", "CQRS\CQRS.csproj", "{F8C62A17-388B-43DC-B0EA-71868AC7E2A5}"
EndProject
Project("{9A19103F-16F7-4668-BE54-9A1E7A4F7556}") = "Todo.Js.View", "Todo.Js.View\Todo.Js.View.csproj", "{F38CC272-796F-4EFD-B71B-02D9FDBBB3FE}"
EndProject
Project("{9A19103F-16F7-4668-BE54-9A1E7A4F7556}") = "Todo", "Todo\Todo.csproj", "{D53E269F-DE69-487E-935C-39C4C0553481}"
EndProject
Global
	GlobalSection(SolutionConfigurationPlatforms) = preSolution
		Debug|Any CPU = Debug|Any CPU
		Debug|x64 = Debug|x64
		Debug|x86 = Debug|x86
		Release|Any CPU = Release|Any CPU
		Release|x64 = Release|x64
		Release|x86 = Release|x86
	EndGlobalSection
	GlobalSection(ProjectConfigurationPlatforms) = postSolution
		{F8C62A17-388B-43DC-B0EA-71868AC7E2A5}.Debug|Any CPU.ActiveCfg = Debug|Any CPU
		{F8C62A17-388B-43DC-B0EA-71868AC7E2A5}.Debug|Any CPU.Build.0 = Debug|Any CPU
		{F8C62A17-388B-43DC-B0EA-71868AC7E2A5}.Debug|x64.ActiveCfg = Debug|Any CPU
		{F8C62A17-388B-43DC-B0EA-71868AC7E2A5}.Debug|x64.Build.0 = Debug|Any CPU
		{F8C62A17-388B-43DC-B0EA-71868AC7E2A5}.Debug|x86.ActiveCfg = Debug|Any CPU
		{F8C62A17-388B-43DC-B0EA-71868AC7E2A5}.Debug|x86.Build.0 = Debug|Any CPU
		{F8C62A17-388B-43DC-B0EA-71868AC7E2A5}.Release|Any CPU.ActiveCfg = Release|Any CPU
		{F8C62A17-388B-43DC-B0EA-71868AC7E2A5}.Release|Any CPU.Build.0 = Release|Any CPU
		{F8C62A17-388B-43DC-B0EA-71868AC7E2A5}.Release|x64.ActiveCfg = Release|Any CPU
		{F8C62A17-388B-43DC-B0EA-71868AC7E2A5}.Release|x64.Build.0 = Release|Any CPU
		{F8C62A17-388B-43DC-B0EA-71868AC7E2A5}.Release|x86.ActiveCfg = Release|Any CPU
		{F8C62A17-388B-43DC-B0EA-71868AC7E2A5}.Release|x86.Build.0 = Release|Any CPU
		{F38CC272-796F-4EFD-B71B-02D9FDBBB3FE}.Debug|Any CPU.ActiveCfg = Debug|Any CPU
		{F38CC272-796F-4EFD-B71B-02D9FDBBB3FE}.Debug|Any CPU.Build.0 = Debug|Any CPU
		{F38CC272-796F-4EFD-B71B-02D9FDBBB3FE}.Debug|x64.ActiveCfg = Debug|Any CPU
		{F38CC272-796F-4EFD-B71B-02D9FDBBB3FE}.Debug|x64.Build.0 = Debug|Any CPU
		{F38CC272-796F-4EFD-B71B-02D9FDBBB3FE}.Debug|x86.ActiveCfg = Debug|Any CPU
		{F38CC272-796F-4EFD-B71B-02D9FDBBB3FE}.Debug|x86.Build.0 = Debug|Any CPU
		{F38CC272-796F-4EFD-B71B-02D9FDBBB3FE}.Release|Any CPU.ActiveCfg = Release|Any CPU
		{F38CC272-796F-4EFD-B71B-02D9FDBBB3FE}.Release|Any CPU.Build.0 = Release|Any CPU
		{F38CC272-796F-4EFD-B71B-02D9FDBBB3FE}.Release|x64.ActiveCfg = Release|Any CPU
		{F38CC272-796F-4EFD-B71B-02D9FDBBB3FE}.Release|x64.Build.0 = Release|Any CPU
		{F38CC272-796F-4EFD-B71B-02D9FDBBB3FE}.Release|x86.ActiveCfg = Release|Any CPU
		{F38CC272-796F-4EFD-B71B-02D9FDBBB3FE}.Release|x86.Build.0 = Release|Any CPU
		{D53E269F-DE69-487E-935C-39C4C0553481}.Debug|Any CPU.ActiveCfg = Debug|Any CPU
		{D53E269F-DE69-487E-935C-39C4C0553481}.Debug|Any CPU.Build.0 = Debug|Any CPU
		{D53E269F-DE69-487E-935C-39C4C0553481}.Debug|x64.ActiveCfg = Debug|Any CPU
		{D53E269F-DE69-487E-935C-39C4C0553481}.Debug|x64.Build.0 = Debug|Any CPU
		{D53E269F-DE69-487E-935C-39C4C0553481}.Debug|x86.ActiveCfg = Debug|Any CPU
		{D53E269F-DE69-487E-935C-39C4C0553481}.Debug|x86.Build.0 = Debug|Any CPU
		{D53E269F-DE69-487E-935C-39C4C0553481}.Release|Any CPU.ActiveCfg = Release|Any CPU
		{D53E269F-DE69-487E-935C-39C4C0553481}.Release|Any CPU.Build.0 = Release|Any CPU
		{D53E269F-DE69-487E-935C-39C4C0553481}.Release|x64.ActiveCfg = Release|Any CPU
		{D53E269F-DE69-487E-935C-39C4C0553481}.Release|x64.Build.0 = Release|Any CPU
		{D53E269F-DE69-487E-935C-39C4C0553481}.Release|x86.ActiveCfg = Release|Any CPU
		{D53E269F-DE69-487E-935C-39C4C0553481}.Release|x86.Build.0 = Release|Any CPU
	EndGlobalSection
	GlobalSection(SolutionProperties) = preSolution
		HideSolutionNode = FALSE
	EndGlobalSection
EndGlobal
